
Microsoft Visual Studio Solution File, Format Version 12.00
# Visual Studio 2015
Project("{FAE04EC0-301F-11D3-BF4B-00C04F79EFBC}") = "CostumesAsGameControllers.CSharp", "CostumesAsGameControllers.CSharp.csproj", "{7021D5D8-4855-A38F-7C1A-03EA2206A51D}"
EndProject
Global
	GlobalSection(SolutionConfigurationPlatforms) = preSolution
		Debug|Any CPU = Debug|Any CPU
		Release|Any CPU = Release|Any CPU
	EndGlobalSection
	GlobalSection(ProjectConfigurationPlatforms) = postSolution
		{7021D5D8-4855-A38F-7C1A-03EA2206A51D}.Debug|Any CPU.ActiveCfg = Debug|Any CPU
		{7021D5D8-4855-A38F-7C1A-03EA2206A51D}.Debug|Any CPU.Build.0 = Debug|Any CPU
		{7021D5D8-4855-A38F-7C1A-03EA2206A51D}.Release|Any CPU.ActiveCfg = Release|Any CPU
		{7021D5D8-4855-A38F-7C1A-03EA2206A51D}.Release|Any CPU.Build.0 = Release|Any CPU
	EndGlobalSection
	GlobalSection(SolutionProperties) = preSolution
		HideSolutionNode = FALSE
	EndGlobalSection
EndGlobal
